PODS:
  - XMNPhoto (1.1.2):
    - XMNPhoto/Browser (= 1.1.2)
    - XMNPhoto/Picker (= 1.1.2)
  - XMNPhoto/Browser (1.1.2):
    - YYWebImage (= 1.0.5)
  - XMNPhoto/Picker (1.1.2)
  - YYCache (1.0.4)
  - YYImage (1.0.4):
    - YYImage/Core (= 1.0.4)
  - YYImage/Core (1.0.4)
  - YYWebImage (1.0.5):
    - YYCache
    - YYImage

DEPENDENCIES:
  - XMNPhoto (from `../`)

EXTERNAL SOURCES:
  XMNPhoto:
    :path: ../

SPEC CHECKSUMS:
  XMNPhoto: 48427bb8d3323fb22836cbcbc5d336b87a5a81ac
  YYCache: 8105b6638f5e849296c71f331ff83891a4942952
  YYImage: 1e1b62a9997399593e4b9c4ecfbbabbf1d3f3b54
  YYWebImage: 5f7f36aee2ae293f016d418c7d6ba05c4863e928

PODFILE CHECKSUM: 7fafd8a90ea4e34132c74af7bb8bbd854c6f5003

COCOAPODS: 1.2.1
